# Producer shas the E2E checks out and builds. Moved by the producers' bump
# automation together with the pom.xml version pins; the g<sha> suffix in each
# pinned version names the same commit recorded here.
match=fc502d08da98b0a90d0d3aca81585d855213cefa
assets=5e5eb19d8c99299c651aa131a1697b5926b8f4bf