# The assets commit the E2E checks out and builds. Moved by assets CI's bump
# automation together with <assets.version> in pom.xml, whose .g<sha> suffix
# names this same commit — the e2e asserts the two agree.
#
# One file per producer ON PURPOSE: see producers/match.lock.
1726224e5d9a0b133aefde38c4ae48c1fa7a87d9